
Microsoft Visual Studio Solution File, Format Version 12.00
# Visual Studio Version 17
VisualStudioVersion = 17.14.36414.22 d17.14
MinimumVisualStudioVersion = 10.0.40219.1
Project("{FAE04EC0-301F-11D3-BF4B-00C04F79EFBC}") = "VehicleClassLibrary2.2", "VehicleClassLibrary2.2\VehicleClassLibrary2.2.csproj", "{BAD513AF-901C-4AB9-AFBD-0EDF22059185}"
EndProject
Global
	GlobalSection(SolutionConfigurationPlatforms) = preSolution
		Debug|Any CPU = Debug|Any CPU
		Release|Any CPU = Release|Any CPU
	EndGlobalSection
	GlobalSection(ProjectConfigurationPlatforms) = postSolution
		{BAD513AF-901C-4AB9-AFBD-0EDF22059185}.Debug|Any CPU.ActiveCfg = Debug|Any CPU
		{BAD513AF-901C-4AB9-AFBD-0EDF22059185}.Debug|Any CPU.Build.0 = Debug|Any CPU
		{BAD513AF-901C-4AB9-AFBD-0EDF22059185}.Release|Any CPU.ActiveCfg = Release|Any CPU
		{BAD513AF-901C-4AB9-AFBD-0EDF22059185}.Release|Any CPU.Build.0 = Release|Any CPU
	EndGlobalSection
	GlobalSection(SolutionProperties) = preSolution
		HideSolutionNode = FALSE
	EndGlobalSection
	GlobalSection(ExtensibilityGlobals) = postSolution
		SolutionGuid = {18E0BBFA-527B-494B-BBA6-0E3EB180B1A7}
	EndGlobalSection
EndGlobal
